// !$*UTF8*$!
{
	archiveVersion = 1;
	classes = {
	};
	objectVersion = 46;
	objects = {

/* Begin PBXBuildFile section */
		7648DDADFF30B6647783070C /* libPods-TRCache.a in Frameworks */ = {isa = PBXBuildFile; fileRef = 1B466068320414A9D125B178 /* libPods-TRCache.a */; };
		C0053D8E1BA04D0500A0228B /* main.m in Sources */ = {isa = PBXBuildFile; fileRef = C0053D8D1BA04D0500A0228B /* main.m */; };
		C0053D911BA04D0500A0228B /* AppDelegate.m in Sources */ = {isa = PBXBuildFile; fileRef = C0053D901BA04D0500A0228B /* AppDelegate.m */; };
		C0053D941BA04D0500A0228B /* ViewController.m in Sources */ = {isa = PBXBuildFile; fileRef = C0053D931BA04D0500A0228B /* ViewController.m */; };
		C0053D971BA04D0500A0228B /* Main.storyboard in Resources */ = {isa = PBXBuildFile; fileRef = C0053D951BA04D0500A0228B /* Main.storyboard */; };
		C0053D991BA04D0500A0228B /* Images.xcassets in Resources */ = {isa = PBXBuildFile; fileRef = C0053D981BA04D0500A0228B /* Images.xcassets */; };
		C0053D9C1BA04D0500A0228B /* LaunchScreen.xib in Resources */ = {isa = PBXBuildFile; fileRef = C0053D9A1BA04D0500A0228B /* LaunchScreen.xib */; };
		C0053DA81BA04D0500A0228B /* TRCacheExampleTests.m in Sources */ = {isa = PBXBuildFile; fileRef = C0053DA71BA04D0500A0228B /* TRCacheExampleTests.m */; };
		C0053DAF1BA04D2B00A0228B /* libTRCache.a in Frameworks */ = {isa = PBXBuildFile; fileRef = C04EB7111BA0414000CF775E /* libTRCache.a */; };
		C0053DB11BA04E0000A0228B /* libAFNetworking.a in Frameworks */ = {isa = PBXBuildFile; fileRef = C0053DB01BA04E0000A0228B /* libAFNetworking.a */; };
		C04EB71D1BA0414100CF775E /* libTRCache.a in Frameworks */ = {isa = PBXBuildFile; fileRef = C04EB7111BA0414000CF775E /* libTRCache.a */; };
		C07CB8DF1BA04B6700A0EAB1 /* TRWebDataCache.m in Sources */ = {isa = PBXBuildFile; fileRef = C0FD6E981BA047F200D41ABD /* TRWebDataCache.m */; };
		C07CB8E01BA04B6B00A0EAB1 /* TRWebDataDownloader.m in Sources */ = {isa = PBXBuildFile; fileRef = C0FD6E9B1BA047F200D41ABD /* TRWebDataDownloader.m */; };
		C07CB8E11BA04B6E00A0EAB1 /* TRWebDataManager.m in Sources */ = {isa = PBXBuildFile; fileRef = C0FD6E9D1BA047F200D41ABD /* TRWebDataManager.m */; };
		C0FD6E9F1BA047F200D41ABD /* TRWebDataCache.m in Sources */ = {isa = PBXBuildFile; fileRef = C0FD6E981BA047F200D41ABD /* TRWebDataCache.m */; };
		C0FD6EA01BA047F200D41ABD /* TRWebDataDownloader.m in Sources */ = {isa = PBXBuildFile; fileRef = C0FD6E9B1BA047F200D41ABD /* TRWebDataDownloader.m */; };
		C0FD6EA11BA047F200D41ABD /* TRWebDataManager.m in Sources */ = {isa = PBXBuildFile; fileRef = C0FD6E9D1BA047F200D41ABD /* TRWebDataManager.m */; };
/* End PBXBuildFile section */

/* Begin PBXContainerItemProxy section */
		C0053DA21BA04D0500A0228B /* PBXContainerItemProxy */ = {
			isa = PBXContainerItemProxy;
			containerPortal = C04EB7091BA0414000CF775E /* Project object */;
			proxyType = 1;
			remoteGlobalIDString = C0053D881BA04D0500A0228B;
			remoteInfo = TRCacheExample;
		};
		C04EB71E1BA0414100CF775E /* PBXContainerItemProxy */ = {
			isa = PBXContainerItemProxy;
			containerPortal = C04EB7091BA0414000CF775E /* Project object */;
			proxyType = 1;
			remoteGlobalIDString = C04EB7101BA0414000CF775E;
			remoteInfo = TRCache;
		};
/* End PBXContainerItemProxy section */

/* Begin PBXCopyFilesBuildPhase section */
		C04EB70F1BA0414000CF775E /* CopyFiles */ = {
			isa = PBXCopyFilesBuildPhase;
			buildActionMask = 2147483647;
			dstPath = "include/$(PRODUCT_NAME)";
			dstSubfolderSpec = 16;
			files = (
			);
			runOnlyForDeploymentPostprocessing = 0;
		};
/* End PBXCopyFilesBuildPhase section */

/* Begin PBXFileReference section */
		01BE01C47D36316F2B0AE100 /* Pods-TRCache.debug.xcconfig */ = {isa = PBXFileReference; includeInIndex = 1; lastKnownFileType = text.xcconfig; name = "Pods-TRCache.debug.xcconfig"; path = "Pods/Target Support Files/Pods-TRCache/Pods-TRCache.debug.xcconfig"; sourceTree = "<group>"; };
		1B466068320414A9D125B178 /* libPods-TRCache.a */ = {isa = PBXFileReference; explicitFileType = archive.ar; includeInIndex = 0; path = "libPods-TRCache.a"; sourceTree = BUILT_PRODUCTS_DIR; };
		AAB5A431171F3997C2E20075 /* Pods-TRCache.release.xcconfig */ = {isa = PBXFileReference; includeInIndex = 1; lastKnownFileType = text.xcconfig; name = "Pods-TRCache.release.xcconfig"; path = "Pods/Target Support Files/Pods-TRCache/Pods-TRCache.release.xcconfig"; sourceTree = "<group>"; };
		C0053D891BA04D0500A0228B /* TRCacheExample.app */ = {isa = PBXFileReference; explicitFileType = wrapper.application; includeInIndex = 0; path = TRCacheExample.app; sourceTree = BUILT_PRODUCTS_DIR; };
		C0053D8C1BA04D0500A0228B /* Info.plist */ = {isa = PBXFileReference; lastKnownFileType = text.plist.xml; path = Info.plist; sourceTree = "<group>"; };
		C0053D8D1BA04D0500A0228B /* main.m */ = {isa = PBXFileReference; lastKnownFileType = sourcecode.c.objc; path = main.m; sourceTree = "<group>"; };
		C0053D8F1BA04D0500A0228B /* AppDelegate.h */ = {isa = PBXFileReference; lastKnownFileType = sourcecode.c.h; path = AppDelegate.h; sourceTree = "<group>"; };
		C0053D901BA04D0500A0228B /* AppDelegate.m */ = {isa = PBXFileReference; lastKnownFileType = sourcecode.c.objc; path = AppDelegate.m; sourceTree = "<group>"; };
		C0053D921BA04D0500A0228B /* ViewController.h */ = {isa = PBXFileReference; lastKnownFileType = sourcecode.c.h; path = ViewController.h; sourceTree = "<group>"; };
		C0053D931BA04D0500A0228B /* ViewController.m */ = {isa = PBXFileReference; lastKnownFileType = sourcecode.c.objc; path = ViewController.m; sourceTree = "<group>"; };
		C0053D961BA04D0500A0228B /* Base */ = {isa = PBXFileReference; lastKnownFileType = file.storyboard; name = Base; path = Base.lproj/Main.storyboard; sourceTree = "<group>"; };
		C0053D981BA04D0500A0228B /* Images.xcassets */ = {isa = PBXFileReference; lastKnownFileType = folder.assetcatalog; path = Images.xcassets; sourceTree = "<group>"; };
		C0053D9B1BA04D0500A0228B /* Base */ = {isa = PBXFileReference; lastKnownFileType = file.xib; name = Base; path = Base.lproj/LaunchScreen.xib; sourceTree = "<group>"; };
		C0053DA11BA04D0500A0228B /* TRCacheExampleTests.xctest */ = {isa = PBXFileReference; explicitFileType = wrapper.cfbundle; includeInIndex = 0; path = TRCacheExampleTests.xctest; sourceTree = BUILT_PRODUCTS_DIR; };
		C0053DA61BA04D0500A0228B /* Info.plist */ = {isa = PBXFileReference; lastKnownFileType = text.plist.xml; path = Info.plist; sourceTree = "<group>"; };
		C0053DA71BA04D0500A0228B /* TRCacheExampleTests.m */ = {isa = PBXFileReference; lastKnownFileType = sourcecode.c.objc; path = TRCacheExampleTests.m; sourceTree = "<group>"; };
		C0053DB01BA04E0000A0228B /* libAFNetworking.a */ = {isa = PBXFileReference; lastKnownFileType = archive.ar; name = libAFNetworking.a; path = "Pods/../build/Debug-iphoneos/libAFNetworking.a"; sourceTree = "<group>"; };
		C04EB7111BA0414000CF775E /* libTRCache.a */ = {isa = PBXFileReference; explicitFileType = archive.ar; includeInIndex = 0; path = libTRCache.a; sourceTree = BUILT_PRODUCTS_DIR; };
		C04EB71C1BA0414100CF775E /* TRCacheTests.xctest */ = {isa = PBXFileReference; explicitFileType = wrapper.cfbundle; includeInIndex = 0; path = TRCacheTests.xctest; sourceTree = BUILT_PRODUCTS_DIR; };
		C04EB7221BA0414100CF775E /* Info.plist */ = {isa = PBXFileReference; lastKnownFileType = text.plist.xml; path = Info.plist; sourceTree = "<group>"; };
		C08809B81BA2EA4900FE6C2F /* TRCache.podspec */ = {isa = PBXFileReference; lastKnownFileType = text; path = TRCache.podspec; sourceTree = "<group>"; };
		C0FD6E961BA047F200D41ABD /* TRCache.h */ = {isa = PBXFileReference; fileEncoding = 4; lastKnownFileType = sourcecode.c.h; path = TRCache.h; sourceTree = "<group>"; };
		C0FD6E971BA047F200D41ABD /* TRWebDataCache.h */ = {isa = PBXFileReference; fileEncoding = 4; lastKnownFileType = sourcecode.c.h; path = TRWebDataCache.h; sourceTree = "<group>"; };
		C0FD6E981BA047F200D41ABD /* TRWebDataCache.m */ = {isa = PBXFileReference; fileEncoding = 4; lastKnownFileType = sourcecode.c.objc; path = TRWebDataCache.m; sourceTree = "<group>"; };
		C0FD6E991BA047F200D41ABD /* TRWebDataCompat.h */ = {isa = PBXFileReference; fileEncoding = 4; lastKnownFileType = sourcecode.c.h; path = TRWebDataCompat.h; sourceTree = "<group>"; };
		C0FD6E9A1BA047F200D41ABD /* TRWebDataDownloader.h */ = {isa = PBXFileReference; fileEncoding = 4; lastKnownFileType = sourcecode.c.h; path = TRWebDataDownloader.h; sourceTree = "<group>"; };
		C0FD6E9B1BA047F200D41ABD /* TRWebDataDownloader.m */ = {isa = PBXFileReference; fileEncoding = 4; lastKnownFileType = sourcecode.c.objc; path = TRWebDataDownloader.m; sourceTree = "<group>"; };
		C0FD6E9C1BA047F200D41ABD /* TRWebDataManager.h */ = {isa = PBXFileReference; fileEncoding = 4; lastKnownFileType = sourcecode.c.h; path = TRWebDataManager.h; sourceTree = "<group>"; };
		C0FD6E9D1BA047F200D41ABD /* TRWebDataManager.m */ = {isa = PBXFileReference; fileEncoding = 4; lastKnownFileType = sourcecode.c.objc; path = TRWebDataManager.m; sourceTree = "<group>"; };
		C0FD6E9E1BA047F200D41ABD /* TRWebDataOperation.h */ = {isa = PBXFileReference; fileEncoding = 4; lastKnownFileType = sourcecode.c.h; path = TRWebDataOperation.h; sourceTree = "<group>"; };
/* End PBXFileReference section */

/* Begin PBXFrameworksBuildPhase section */
		C0053D861BA04D0500A0228B /* Frameworks */ = {
			isa = PBXFrameworksBuildPhase;
			buildActionMask = 2147483647;
			files = (
				C0053DB11BA04E0000A0228B /* libAFNetworking.a in Frameworks */,
				C0053DAF1BA04D2B00A0228B /* libTRCache.a in Frameworks */,
			);
			runOnlyForDeploymentPostprocessing = 0;
		};
		C0053D9E1BA04D0500A0228B /* Frameworks */ = {
			isa = PBXFrameworksBuildPhase;
			buildActionMask = 2147483647;
			files = (
			);
			runOnlyForDeploymentPostprocessing = 0;
		};
		C04EB70E1BA0414000CF775E /* Frameworks */ = {
			isa = PBXFrameworksBuildPhase;
			buildActionMask = 2147483647;
			files = (
				7648DDADFF30B6647783070C /* libPods-TRCache.a in Frameworks */,
			);
			runOnlyForDeploymentPostprocessing = 0;
		};
		C04EB7191BA0414100CF775E /* Frameworks */ = {
			isa = PBXFrameworksBuildPhase;
			buildActionMask = 2147483647;
			files = (
				C04EB71D1BA0414100CF775E /* libTRCache.a in Frameworks */,
			);
			runOnlyForDeploymentPostprocessing = 0;
		};
/* End PBXFrameworksBuildPhase section */

/* Begin PBXGroup section */
		7F1532BFDCBF4974367F0579 /* Frameworks */ = {
			isa = PBXGroup;
			children = (
				C0053DB01BA04E0000A0228B /* libAFNetworking.a */,
				1B466068320414A9D125B178 /* libPods-TRCache.a */,
			);
			name = Frameworks;
			sourceTree = "<group>";
		};
		C0053D8A1BA04D0500A0228B /* TRCacheExample */ = {
			isa = PBXGroup;
			children = (
				C0053D8F1BA04D0500A0228B /* AppDelegate.h */,
				C0053D901BA04D0500A0228B /* AppDelegate.m */,
				C0053D921BA04D0500A0228B /* ViewController.h */,
				C0053D931BA04D0500A0228B /* ViewController.m */,
				C0053D951BA04D0500A0228B /* Main.storyboard */,
				C0053D981BA04D0500A0228B /* Images.xcassets */,
				C0053D9A1BA04D0500A0228B /* LaunchScreen.xib */,
				C0053D8B1BA04D0500A0228B /* Supporting Files */,
			);
			path = TRCacheExample;
			sourceTree = "<group>";
		};
		C0053D8B1BA04D0500A0228B /* Supporting Files */ = {
			isa = PBXGroup;
			children = (
				C0053D8C1BA04D0500A0228B /* Info.plist */,
				C0053D8D1BA04D0500A0228B /* main.m */,
			);
			name = "Supporting Files";
			sourceTree = "<group>";
		};
		C0053DA41BA04D0500A0228B /* TRCacheExampleTests */ = {
			isa = PBXGroup;
			children = (
				C0053DA71BA04D0500A0228B /* TRCacheExampleTests.m */,
				C0053DA51BA04D0500A0228B /* Supporting Files */,
			);
			path = TRCacheExampleTests;
			sourceTree = "<group>";
		};
		C0053DA51BA04D0500A0228B /* Supporting Files */ = {
			isa = PBXGroup;
			children = (
				C0053DA61BA04D0500A0228B /* Info.plist */,
			);
			name = "Supporting Files";
			sourceTree = "<group>";
		};
		C04EB7081BA0414000CF775E = {
			isa = PBXGroup;
			children = (
				C08809B81BA2EA4900FE6C2F /* TRCache.podspec */,
				C0FD6E941BA047F200D41ABD /* Classes */,
				C04EB7201BA0414100CF775E /* TRCacheTests */,
				C0053D8A1BA04D0500A0228B /* TRCacheExample */,
				C0053DA41BA04D0500A0228B /* TRCacheExampleTests */,
				C04EB7121BA0414000CF775E /* Products */,
				E8EA4D3E04807F3F852BEE47 /* Pods */,
				7F1532BFDCBF4974367F0579 /* Frameworks */,
			);
			sourceTree = "<group>";
		};
		C04EB7121BA0414000CF775E /* Products */ = {
			isa = PBXGroup;
			children = (
				C04EB7111BA0414000CF775E /* libTRCache.a */,
				C04EB71C1BA0414100CF775E /* TRCacheTests.xctest */,
				C0053D891BA04D0500A0228B /* TRCacheExample.app */,
				C0053DA11BA04D0500A0228B /* TRCacheExampleTests.xctest */,
			);
			name = Products;
			sourceTree = "<group>";
		};
		C04EB7201BA0414100CF775E /* TRCacheTests */ = {
			isa = PBXGroup;
			children = (
				C04EB7211BA0414100CF775E /* Supporting Files */,
			);
			path = TRCacheTests;
			sourceTree = "<group>";
		};
		C04EB7211BA0414100CF775E /* Supporting Files */ = {
			isa = PBXGroup;
			children = (
				C04EB7221BA0414100CF775E /* Info.plist */,
			);
			name = "Supporting Files";
			sourceTree = "<group>";
		};
		C0FD6E941BA047F200D41ABD /* Classes */ = {
			isa = PBXGroup;
			children = (
				C0FD6E951BA047F200D41ABD /* TRCache */,
			);
			path = Classes;
			sourceTree = "<group>";
		};
		C0FD6E951BA047F200D41ABD /* TRCache */ = {
			isa = PBXGroup;
			children = (
				C0FD6E961BA047F200D41ABD /* TRCache.h */,
				C0FD6E971BA047F200D41ABD /* TRWebDataCache.h */,
				C0FD6E981BA047F200D41ABD /* TRWebDataCache.m */,
				C0FD6E991BA047F200D41ABD /* TRWebDataCompat.h */,
				C0FD6E9A1BA047F200D41ABD /* TRWebDataDownloader.h */,
				C0FD6E9B1BA047F200D41ABD /* TRWebDataDownloader.m */,
				C0FD6E9C1BA047F200D41ABD /* TRWebDataManager.h */,
				C0FD6E9D1BA047F200D41ABD /* TRWebDataManager.m */,
				C0FD6E9E1BA047F200D41ABD /* TRWebDataOperation.h */,
			);
			path = TRCache;
			sourceTree = "<group>";
		};
		E8EA4D3E04807F3F852BEE47 /* Pods */ = {
			isa = PBXGroup;
			children = (
				01BE01C47D36316F2B0AE100 /* Pods-TRCache.debug.xcconfig */,
				AAB5A431171F3997C2E20075 /* Pods-TRCache.release.xcconfig */,
			);
			name = Pods;
			sourceTree = "<group>";
		};
/* End PBXGroup section */

/* Begin PBXNativeTarget section */
		C0053D881BA04D0500A0228B /* TRCacheExample */ = {
			isa = PBXNativeTarget;
			buildConfigurationList = C0053DAD1BA04D0500A0228B /* Build configuration list for PBXNativeTarget "TRCacheExample" */;
			buildPhases = (
				C0053D851BA04D0500A0228B /* Sources */,
				C0053D861BA04D0500A0228B /* Frameworks */,
				C0053D871BA04D0500A0228B /* Resources */,
			);
			buildRules = (
			);
			dependencies = (
			);
			name = TRCacheExample;
			productName = TRCacheExample;
			productReference = C0053D891BA04D0500A0228B /* TRCacheExample.app */;
			productType = "com.apple.product-type.application";
		};
		C0053DA01BA04D0500A0228B /* TRCacheExampleTests */ = {
			isa = PBXNativeTarget;
			buildConfigurationList = C0053DAE1BA04D0500A0228B /* Build configuration list for PBXNativeTarget "TRCacheExampleTests" */;
			buildPhases = (
				C0053D9D1BA04D0500A0228B /* Sources */,
				C0053D9E1BA04D0500A0228B /* Frameworks */,
				C0053D9F1BA04D0500A0228B /* Resources */,
			);
			buildRules = (
			);
			dependencies = (
				C0053DA31BA04D0500A0228B /* PBXTargetDependency */,
			);
			name = TRCacheExampleTests;
			productName = TRCacheExampleTests;
			productReference = C0053DA11BA04D0500A0228B /* TRCacheExampleTests.xctest */;
			productType = "com.apple.product-type.bundle.unit-test";
		};
		C04EB7101BA0414000CF775E /* TRCache */ = {
			isa = PBXNativeTarget;
			buildConfigurationList = C04EB7251BA0414100CF775E /* Build configuration list for PBXNativeTarget "TRCache" */;
			buildPhases = (
				54F10021D1C472B2A7B63516 /* Check Pods Manifest.lock */,
				C04EB70D1BA0414000CF775E /* Sources */,
				C04EB70E1BA0414000CF775E /* Frameworks */,
				C04EB70F1BA0414000CF775E /* CopyFiles */,
				015CC323F91EFC53599F3A81 /* Copy Pods Resources */,
			);
			buildRules = (
			);
			dependencies = (
			);
			name = TRCache;
			productName = TRCache;
			productReference = C04EB7111BA0414000CF775E /* libTRCache.a */;
			productType = "com.apple.product-type.library.static";
		};
		C04EB71B1BA0414100CF775E /* TRCacheTests */ = {
			isa = PBXNativeTarget;
			buildConfigurationList = C04EB7281BA0414100CF775E /* Build configuration list for PBXNativeTarget "TRCacheTests" */;
			buildPhases = (
				C04EB7181BA0414100CF775E /* Sources */,
				C04EB7191BA0414100CF775E /* Frameworks */,
				C04EB71A1BA0414100CF775E /* Resources */,
			);
			buildRules = (
			);
			dependencies = (
				C04EB71F1BA0414100CF775E /* PBXTargetDependency */,
			);
			name = TRCacheTests;
			productName = TRCacheTests;
			productReference = C04EB71C1BA0414100CF775E /* TRCacheTests.xctest */;
			productType = "com.apple.product-type.bundle.unit-test";
		};
/* End PBXNativeTarget section */

/* Begin PBXProject section */
		C04EB7091BA0414000CF775E /* Project object */ = {
			isa = PBXProject;
			attributes = {
				LastUpgradeCheck = 0640;
				ORGANIZATIONNAME = "joshua li";
				TargetAttributes = {
					C0053D881BA04D0500A0228B = {
						CreatedOnToolsVersion = 6.4;
					};
					C0053DA01BA04D0500A0228B = {
						CreatedOnToolsVersion = 6.4;
						TestTargetID = C0053D881BA04D0500A0228B;
					};
					C04EB7101BA0414000CF775E = {
						CreatedOnToolsVersion = 6.4;
					};
					C04EB71B1BA0414100CF775E = {
						CreatedOnToolsVersion = 6.4;
					};
				};
			};
			buildConfigurationList = C04EB70C1BA0414000CF775E /* Build configuration list for PBXProject "TRCache" */;
			compatibilityVersion = "Xcode 3.2";
			developmentRegion = English;
			hasScannedForEncodings = 0;
			knownRegions = (
				en,
				Base,
			);
			mainGroup = C04EB7081BA0414000CF775E;
			productRefGroup = C04EB7121BA0414000CF775E /* Products */;
			projectDirPath = "";
			projectRoot = "";
			targets = (
				C04EB7101BA0414000CF775E /* TRCache */,
				C04EB71B1BA0414100CF775E /* TRCacheTests */,
				C0053D881BA04D0500A0228B /* TRCacheExample */,
				C0053DA01BA04D0500A0228B /* TRCacheExampleTests */,
			);
		};
/* End PBXProject section */

/* Begin PBXResourcesBuildPhase section */
		C0053D871BA04D0500A0228B /* Resources */ = {
			isa = PBXResourcesBuildPhase;
			buildActionMask = 2147483647;
			files = (
				C0053D971BA04D0500A0228B /* Main.storyboard in Resources */,
				C0053D9C1BA04D0500A0228B /* LaunchScreen.xib in Resources */,
				C0053D991BA04D0500A0228B /* Images.xcassets in Resources */,
			);
			runOnlyForDeploymentPostprocessing = 0;
		};
		C0053D9F1BA04D0500A0228B /* Resources */ = {
			isa = PBXResourcesBuildPhase;
			buildActionMask = 2147483647;
			files = (
			);
			runOnlyForDeploymentPostprocessing = 0;
		};
		C04EB71A1BA0414100CF775E /* Resources */ = {
			isa = PBXResourcesBuildPhase;
			buildActionMask = 2147483647;
			files = (
			);
			runOnlyForDeploymentPostprocessing = 0;
		};
/* End PBXResourcesBuildPhase section */

/* Begin PBXShellScriptBuildPhase section */
		015CC323F91EFC53599F3A81 /* Copy Pods Resources */ = {
			isa = PBXShellScriptBuildPhase;
			buildActionMask = 2147483647;
			files = (
			);
			inputPaths = (
			);
			name = "Copy Pods Resources";
			outputPaths = (
			);
			runOnlyForDeploymentPostprocessing = 0;
			shellPath = /bin/sh;
			shellScript = "\"${SRCROOT}/Pods/Target Support Files/Pods-TRCache/Pods-TRCache-resources.sh\"\n";
			showEnvVarsInLog = 0;
		};
		54F10021D1C472B2A7B63516 /* Check Pods Manifest.lock */ = {
			isa = PBXShellScriptBuildPhase;
			buildActionMask = 2147483647;
			files = (
			);
			inputPaths = (
			);
			name = "Check Pods Manifest.lock";
			outputPaths = (
			);
			runOnlyForDeploymentPostprocessing = 0;
			shellPath = /bin/sh;
			shellScript = "diff \"${PODS_ROOT}/../Podfile.lock\" \"${PODS_ROOT}/Manifest.lock\" > /dev/null\nif [[ $? != 0 ]] ; then\n    cat << EOM\nerror: The sandbox is not in sync with the Podfile.lock. Run 'pod install' or update your CocoaPods installation.\nEOM\n    exit 1\nfi\n";
			showEnvVarsInLog = 0;
		};
/* End PBXShellScriptBuildPhase section */

/* Begin PBXSourcesBuildPhase section */
		C0053D851BA04D0500A0228B /* Sources */ = {
			isa = PBXSourcesBuildPhase;
			buildActionMask = 2147483647;
			files = (
				C0053D941BA04D0500A0228B /* ViewController.m in Sources */,
				C0053D911BA04D0500A0228B /* AppDelegate.m in Sources */,
				C0053D8E1BA04D0500A0228B /* main.m in Sources */,
			);
			runOnlyForDeploymentPostprocessing = 0;
		};
		C0053D9D1BA04D0500A0228B /* Sources */ = {
			isa = PBXSourcesBuildPhase;
			buildActionMask = 2147483647;
			files = (
				C0053DA81BA04D0500A0228B /* TRCacheExampleTests.m in Sources */,
			);
			runOnlyForDeploymentPostprocessing = 0;
		};
		C04EB70D1BA0414000CF775E /* Sources */ = {
			isa = PBXSourcesBuildPhase;
			buildActionMask = 2147483647;
			files = (
				C07CB8DF1BA04B6700A0EAB1 /* TRWebDataCache.m in Sources */,
				C07CB8E01BA04B6B00A0EAB1 /* TRWebDataDownloader.m in Sources */,
				C07CB8E11BA04B6E00A0EAB1 /* TRWebDataManager.m in Sources */,
			);
			runOnlyForDeploymentPostprocessing = 0;
		};
		C04EB7181BA0414100CF775E /* Sources */ = {
			isa = PBXSourcesBuildPhase;
			buildActionMask = 2147483647;
			files = (
				C0FD6E9F1BA047F200D41ABD /* TRWebDataCache.m in Sources */,
				C0FD6EA01BA047F200D41ABD /* TRWebDataDownloader.m in Sources */,
				C0FD6EA11BA047F200D41ABD /* TRWebDataManager.m in Sources */,
			);
			runOnlyForDeploymentPostprocessing = 0;
		};
/* End PBXSourcesBuildPhase section */

/* Begin PBXTargetDependency section */
		C0053DA31BA04D0500A0228B /* PBXTargetDependency */ = {
			isa = PBXTargetDependency;
			target = C0053D881BA04D0500A0228B /* TRCacheExample */;
			targetProxy = C0053DA21BA04D0500A0228B /* PBXContainerItemProxy */;
		};
		C04EB71F1BA0414100CF775E /* PBXTargetDependency */ = {
			isa = PBXTargetDependency;
			target = C04EB7101BA0414000CF775E /* TRCache */;
			targetProxy = C04EB71E1BA0414100CF775E /* PBXContainerItemProxy */;
		};
/* End PBXTargetDependency section */

/* Begin PBXVariantGroup section */
		C0053D951BA04D0500A0228B /* Main.storyboard */ = {
			isa = PBXVariantGroup;
			children = (
				C0053D961BA04D0500A0228B /* Base */,
			);
			name = Main.storyboard;
			sourceTree = "<group>";
		};
		C0053D9A1BA04D0500A0228B /* LaunchScreen.xib */ = {
			isa = PBXVariantGroup;
			children = (
				C0053D9B1BA04D0500A0228B /* Base */,
			);
			name = LaunchScreen.xib;
			sourceTree = "<group>";
		};
/* End PBXVariantGroup section */

/* Begin XCBuildConfiguration section */
		C0053DA91BA04D0500A0228B /* Debug */ = {
			isa = XCBuildConfiguration;
			buildSettings = {
				ASSETCATALOG_COMPILER_APPICON_NAME = AppIcon;
				"CODE_SIGN_IDENTITY[sdk=iphoneos*]" = "iPhone Developer";
				GCC_PREPROCESSOR_DEFINITIONS = (
					"DEBUG=1",
					"$(inherited)",
				);
				INFOPLIST_FILE = TRCacheExample/Info.plist;
				IPHONEOS_DEPLOYMENT_TARGET = 7.0;
				LD_RUNPATH_SEARCH_PATHS = "$(inherited) @executable_path/Frameworks";
				LIBRARY_SEARCH_PATHS = (
					"$(inherited)",
					"$(PROJECT_DIR)/build/Debug-iphoneos",
				);
				PRODUCT_NAME = "$(TARGET_NAME)";
			};
			name = Debug;
		};
		C0053DAA1BA04D0500A0228B /* Release */ = {
			isa = XCBuildConfiguration;
			buildSettings = {
				ASSETCATALOG_COMPILER_APPICON_NAME = AppIcon;
				"CODE_SIGN_IDENTITY[sdk=iphoneos*]" = "iPhone Developer";
				INFOPLIST_FILE = TRCacheExample/Info.plist;
				IPHONEOS_DEPLOYMENT_TARGET = 7.0;
				LD_RUNPATH_SEARCH_PATHS = "$(inherited) @executable_path/Frameworks";
				LIBRARY_SEARCH_PATHS = (
					"$(inherited)",
					"$(PROJECT_DIR)/build/Debug-iphoneos",
				);
				PRODUCT_NAME = "$(TARGET_NAME)";
			};
			name = Release;
		};
		C0053DAB1BA04D0500A0228B /* Debug */ = {
			isa = XCBuildConfiguration;
			buildSettings = {
				BUNDLE_LOADER = "$(TEST_HOST)";
				FRAMEWORK_SEARCH_PATHS = (
					"$(SDKROOT)/Developer/Library/Frameworks",
					"$(inherited)",
				);
				GCC_PREPROCESSOR_DEFINITIONS = (
					"DEBUG=1",
					"$(inherited)",
				);
				INFOPLIST_FILE = TRCacheExampleTests/Info.plist;
				IPHONEOS_DEPLOYMENT_TARGET = 8.4;
				LD_RUNPATH_SEARCH_PATHS = "$(inherited) @executable_path/Frameworks @loader_path/Frameworks";
				PRODUCT_NAME = "$(TARGET_NAME)";
				TEST_HOST = "$(BUILT_PRODUCTS_DIR)/TRCacheExample.app/TRCacheExample";
			};
			name = Debug;
		};
		C0053DAC1BA04D0500A0228B /* Release */ = {
			isa = XCBuildConfiguration;
			buildSettings = {
				BUNDLE_LOADER = "$(TEST_HOST)";
				FRAMEWORK_SEARCH_PATHS = (
					"$(SDKROOT)/Developer/Library/Frameworks",
					"$(inherited)",
				);
				INFOPLIST_FILE = TRCacheExampleTests/Info.plist;
				IPHONEOS_DEPLOYMENT_TARGET = 8.4;
				LD_RUNPATH_SEARCH_PATHS = "$(inherited) @executable_path/Frameworks @loader_path/Frameworks";
				PRODUCT_NAME = "$(TARGET_NAME)";
				TEST_HOST = "$(BUILT_PRODUCTS_DIR)/TRCacheExample.app/TRCacheExample";
			};
			name = Release;
		};
		C04EB7231BA0414100CF775E /* Debug */ = {
			isa = XCBuildConfiguration;
			buildSettings = {
				ALWAYS_SEARCH_USER_PATHS = NO;
				CLANG_CXX_LANGUAGE_STANDARD = "gnu++0x";
				CLANG_CXX_LIBRARY = "libc++";
				CLANG_ENABLE_MODULES = YES;
				CLANG_ENABLE_OBJC_ARC = YES;
				CLANG_WARN_BOOL_CONVERSION = YES;
				CLANG_WARN_CONSTANT_CONVERSION = YES;
				CLANG_WARN_DIRECT_OBJC_ISA_USAGE = YES_ERROR;
				CLANG_WARN_EMPTY_BODY = YES;
				CLANG_WARN_ENUM_CONVERSION = YES;
				CLANG_WARN_INT_CONVERSION = YES;
				CLANG_WARN_OBJC_ROOT_CLASS = YES_ERROR;
				CLANG_WARN_UNREACHABLE_CODE = YES;
				CLANG_WARN__DUPLICATE_METHOD_MATCH = YES;
				COPY_PHASE_STRIP = NO;
				DEBUG_INFORMATION_FORMAT = "dwarf-with-dsym";
				ENABLE_STRICT_OBJC_MSGSEND = YES;
				GCC_C_LANGUAGE_STANDARD = gnu99;
				GCC_DYNAMIC_NO_PIC = NO;
				GCC_NO_COMMON_BLOCKS = YES;
				GCC_OPTIMIZATION_LEVEL = 0;
				GCC_PREPROCESSOR_DEFINITIONS = (
					"DEBUG=1",
					"$(inherited)",
				);
				GCC_SYMBOLS_PRIVATE_EXTERN = NO;
				GCC_WARN_64_TO_32_BIT_CONVERSION = YES;
				GCC_WARN_ABOUT_RETURN_TYPE = YES_ERROR;
				GCC_WARN_UNDECLARED_SELECTOR = YES;
				GCC_WARN_UNINITIALIZED_AUTOS = YES_AGGRESSIVE;
				GCC_WARN_UNUSED_FUNCTION = YES;
				GCC_WARN_UNUSED_VARIABLE = YES;
				IPHONEOS_DEPLOYMENT_TARGET = 7.0;
				MTL_ENABLE_DEBUG_INFO = YES;
				ONLY_ACTIVE_ARCH = YES;
				SDKROOT = iphoneos;
			};
			name = Debug;
		};
		C04EB7241BA0414100CF775E /* Release */ = {
			isa = XCBuildConfiguration;
			buildSettings = {
				ALWAYS_SEARCH_USER_PATHS = NO;
				CLANG_CXX_LANGUAGE_STANDARD = "gnu++0x";
				CLANG_CXX_LIBRARY = "libc++";
				CLANG_ENABLE_MODULES = YES;
				CLANG_ENABLE_OBJC_ARC = YES;
				CLANG_WARN_BOOL_CONVERSION = YES;
				CLANG_WARN_CONSTANT_CONVERSION = YES;
				CLANG_WARN_DIRECT_OBJC_ISA_USAGE = YES_ERROR;
				CLANG_WARN_EMPTY_BODY = YES;
				CLANG_WARN_ENUM_CONVERSION = YES;
				CLANG_WARN_INT_CONVERSION = YES;
				CLANG_WARN_OBJC_ROOT_CLASS = YES_ERROR;
				CLANG_WARN_UNREACHABLE_CODE = YES;
				CLANG_WARN__DUPLICATE_METHOD_MATCH = YES;
				COPY_PHASE_STRIP = NO;
				DEBUG_INFORMATION_FORMAT = "dwarf-with-dsym";
				ENABLE_NS_ASSERTIONS = NO;
				ENABLE_STRICT_OBJC_MSGSEND = YES;
				GCC_C_LANGUAGE_STANDARD = gnu99;
				GCC_NO_COMMON_BLOCKS = YES;
				GCC_WARN_64_TO_32_BIT_CONVERSION = YES;
				GCC_WARN_ABOUT_RETURN_TYPE = YES_ERROR;
				GCC_WARN_UNDECLARED_SELECTOR = YES;
				GCC_WARN_UNINITIALIZED_AUTOS = YES_AGGRESSIVE;
				GCC_WARN_UNUSED_FUNCTION = YES;
				GCC_WARN_UNUSED_VARIABLE = YES;
				IPHONEOS_DEPLOYMENT_TARGET = 7.0;
				MTL_ENABLE_DEBUG_INFO = NO;
				SDKROOT = iphoneos;
				VALIDATE_PRODUCT = YES;
			};
			name = Release;
		};
		C04EB7261BA0414100CF775E /* Debug */ = {
			isa = XCBuildConfiguration;
			baseConfigurationReference = 01BE01C47D36316F2B0AE100 /* Pods-TRCache.debug.xcconfig */;
			buildSettings = {
				OTHER_LDFLAGS = (
					"-ObjC",
					"$(inherited)",
				);
				PRODUCT_NAME = "$(TARGET_NAME)";
				SKIP_INSTALL = YES;
			};
			name = Debug;
		};
		C04EB7271BA0414100CF775E /* Release */ = {
			isa = XCBuildConfiguration;
			baseConfigurationReference = AAB5A431171F3997C2E20075 /* Pods-TRCache.release.xcconfig */;
			buildSettings = {
				OTHER_LDFLAGS = (
					"-ObjC",
					"$(inherited)",
				);
				PRODUCT_NAME = "$(TARGET_NAME)";
				SKIP_INSTALL = YES;
			};
			name = Release;
		};
		C04EB7291BA0414100CF775E /* Debug */ = {
			isa = XCBuildConfiguration;
			buildSettings = {
				"CODE_SIGN_IDENTITY[sdk=iphoneos*]" = "iPhone Developer";
				FRAMEWORK_SEARCH_PATHS = (
					"$(SDKROOT)/Developer/Library/Frameworks",
					"$(inherited)",
				);
				GCC_PREPROCESSOR_DEFINITIONS = (
					"DEBUG=1",
					"$(inherited)",
				);
				INFOPLIST_FILE = TRCacheTests/Info.plist;
				LD_RUNPATH_SEARCH_PATHS = "$(inherited) @executable_path/Frameworks @loader_path/Frameworks";
				PRODUCT_NAME = "$(TARGET_NAME)";
			};
			name = Debug;
		};
		C04EB72A1BA0414100CF775E /* Release */ = {
			isa = XCBuildConfiguration;
			buildSettings = {
				"CODE_SIGN_IDENTITY[sdk=iphoneos*]" = "iPhone Developer";
				FRAMEWORK_SEARCH_PATHS = (
					"$(SDKROOT)/Developer/Library/Frameworks",
					"$(inherited)",
				);
				INFOPLIST_FILE = TRCacheTests/Info.plist;
				LD_RUNPATH_SEARCH_PATHS = "$(inherited) @executable_path/Frameworks @loader_path/Frameworks";
				PRODUCT_NAME = "$(TARGET_NAME)";
			};
			name = Release;
		};
/* End XCBuildConfiguration section */

/* Begin XCConfigurationList section */
		C0053DAD1BA04D0500A0228B /* Build configuration list for PBXNativeTarget "TRCacheExample" */ = {
			isa = XCConfigurationList;
			buildConfigurations = (
				C0053DA91BA04D0500A0228B /* Debug */,
				C0053DAA1BA04D0500A0228B /* Release */,
			);
			defaultConfigurationIsVisible = 0;
			defaultConfigurationName = Release;
		};
		C0053DAE1BA04D0500A0228B /* Build configuration list for PBXNativeTarget "TRCacheExampleTests" */ = {
			isa = XCConfigurationList;
			buildConfigurations = (
				C0053DAB1BA04D0500A0228B /* Debug */,
				C0053DAC1BA04D0500A0228B /* Release */,
			);
			defaultConfigurationIsVisible = 0;
			defaultConfigurationName = Release;
		};
		C04EB70C1BA0414000CF775E /* Build configuration list for PBXProject "TRCache" */ = {
			isa = XCConfigurationList;
			buildConfigurations = (
				C04EB7231BA0414100CF775E /* Debug */,
				C04EB7241BA0414100CF775E /* Release */,
			);
			defaultConfigurationIsVisible = 0;
			defaultConfigurationName = Release;
		};
		C04EB7251BA0414100CF775E /* Build configuration list for PBXNativeTarget "TRCache" */ = {
			isa = XCConfigurationList;
			buildConfigurations = (
				C04EB7261BA0414100CF775E /* Debug */,
				C04EB7271BA0414100CF775E /* Release */,
			);
			defaultConfigurationIsVisible = 0;
			defaultConfigurationName = Release;
		};
		C04EB7281BA0414100CF775E /* Build configuration list for PBXNativeTarget "TRCacheTests" */ = {
			isa = XCConfigurationList;
			buildConfigurations = (
				C04EB7291BA0414100CF775E /* Debug */,
				C04EB72A1BA0414100CF775E /* Release */,
			);
			defaultConfigurationIsVisible = 0;
			defaultConfigurationName = Release;
		};
/* End XCConfigurationList section */
	};
	rootObject = C04EB7091BA0414000CF775E /* Project object */;
}
